
Microsoft Visual Studio Solution File, Format Version 12.00
# Visual Studio 15
Project("{FAE04EC0-301F-11D3-BF4B-00C04F79EFBC}") = "Assembly-CSharp", "Assembly-CSharp.csproj", "{BAB87A7F-E561-CF85-A28D-9F48E37C2925}"
EndProject
Global
	GlobalSection(SolutionConfigurationPlatforms) = preSolution
		Debug|Any CPU = Debug|Any CPU
		Release|Any CPU = Release|Any CPU
	EndGlobalSection
	GlobalSection(ProjectConfigurationPlatforms) = postSolution
		{BAB87A7F-E561-CF85-A28D-9F48E37C2925}.Debug|Any CPU.ActiveCfg = Debug|Any CPU
		{BAB87A7F-E561-CF85-A28D-9F48E37C2925}.Debug|Any CPU.Build.0 = Debug|Any CPU
		{BAB87A7F-E561-CF85-A28D-9F48E37C2925}.Release|Any CPU.ActiveCfg = Release|Any CPU
		{BAB87A7F-E561-CF85-A28D-9F48E37C2925}.Release|Any CPU.Build.0 = Release|Any CPU
	EndGlobalSection
	GlobalSection(SolutionProperties) = preSolution
		HideSolutionNode = FALSE
	EndGlobalSection
EndGlobal
